
Microsoft Visual Studio Solution File, Format Version 12.00
# Visual Studio Version 17
VisualStudioVersion = 17.3.32922.545
MinimumVisualStudioVersion = 10.0.40219.1
Project("{FAE04EC0-301F-11D3-BF4B-00C04F79EFBC}") = "lab7", "labs\lab7.csproj", "{63EC269F-B472-421F-B1C6-C210A852508B}"
EndProject
Project("{FAE04EC0-301F-11D3-BF4B-00C04F79EFBC}") = "lab7_console", "lab7_console\lab7_console.csproj", "{81C66D1D-23A0-48CC-9AD0-ECDB924D8267}"
EndProject
Project("{FAE04EC0-301F-11D3-BF4B-00C04F79EFBC}") = "lab8_console", "lab8_console\lab8_console.csproj", "{BE35FBD1-D5CC-43E0-8FEA-31274AAF0A73}"
EndProject
Project("{FAE04EC0-301F-11D3-BF4B-00C04F79EFBC}") = "lab8", "lab8\lab8.csproj", "{E0E2E800-AB08-4850-B0AD-855A599145A2}"
EndProject
Project("{FAE04EC0-301F-11D3-BF4B-00C04F79EFBC}") = "lab9_console", "lab9_console\lab9_console.csproj", "{82A74A60-0DBA-4C0D-AF4E-BBB31E71B569}"
EndProject
Project("{FAE04EC0-301F-11D3-BF4B-00C04F79EFBC}") = "lab9", "lab9\lab9.csproj", "{63D0D776-E4AE-4331-8097-DA97B196ABDD}"
EndProject
Project("{FAE04EC0-301F-11D3-BF4B-00C04F79EFBC}") = "lab10", "lab10\lab10.csproj", "{11EF352E-B4FC-4872-98CC-2A4AF2FD0E5C}"
EndProject
Global
	GlobalSection(SolutionConfigurationPlatforms) = preSolution
		Debug|Any CPU = Debug|Any CPU
		Release|Any CPU = Release|Any CPU
	EndGlobalSection
	GlobalSection(ProjectConfigurationPlatforms) = postSolution
		{63EC269F-B472-421F-B1C6-C210A852508B}.Debug|Any CPU.ActiveCfg = Debug|Any CPU
		{63EC269F-B472-421F-B1C6-C210A852508B}.Debug|Any CPU.Build.0 = Debug|Any CPU
		{63EC269F-B472-421F-B1C6-C210A852508B}.Release|Any CPU.ActiveCfg = Release|Any CPU
		{63EC269F-B472-421F-B1C6-C210A852508B}.Release|Any CPU.Build.0 = Release|Any CPU
		{81C66D1D-23A0-48CC-9AD0-ECDB924D8267}.Debug|Any CPU.ActiveCfg = Debug|Any CPU
		{81C66D1D-23A0-48CC-9AD0-ECDB924D8267}.Debug|Any CPU.Build.0 = Debug|Any CPU
		{81C66D1D-23A0-48CC-9AD0-ECDB924D8267}.Release|Any CPU.ActiveCfg = Release|Any CPU
		{81C66D1D-23A0-48CC-9AD0-ECDB924D8267}.Release|Any CPU.Build.0 = Release|Any CPU
		{BE35FBD1-D5CC-43E0-8FEA-31274AAF0A73}.Debug|Any CPU.ActiveCfg = Debug|Any CPU
		{BE35FBD1-D5CC-43E0-8FEA-31274AAF0A73}.Debug|Any CPU.Build.0 = Debug|Any CPU
		{BE35FBD1-D5CC-43E0-8FEA-31274AAF0A73}.Release|Any CPU.ActiveCfg = Release|Any CPU
		{BE35FBD1-D5CC-43E0-8FEA-31274AAF0A73}.Release|Any CPU.Build.0 = Release|Any CPU
		{E0E2E800-AB08-4850-B0AD-855A599145A2}.Debug|Any CPU.ActiveCfg = Debug|Any CPU
		{E0E2E800-AB08-4850-B0AD-855A599145A2}.Debug|Any CPU.Build.0 = Debug|Any CPU
		{E0E2E800-AB08-4850-B0AD-855A599145A2}.Release|Any CPU.ActiveCfg = Release|Any CPU
		{E0E2E800-AB08-4850-B0AD-855A599145A2}.Release|Any CPU.Build.0 = Release|Any CPU
		{82A74A60-0DBA-4C0D-AF4E-BBB31E71B569}.Debug|Any CPU.ActiveCfg = Debug|Any CPU
		{82A74A60-0DBA-4C0D-AF4E-BBB31E71B569}.Debug|Any CPU.Build.0 = Debug|Any CPU
		{82A74A60-0DBA-4C0D-AF4E-BBB31E71B569}.Release|Any CPU.ActiveCfg = Release|Any CPU
		{82A74A60-0DBA-4C0D-AF4E-BBB31E71B569}.Release|Any CPU.Build.0 = Release|Any CPU
		{63D0D776-E4AE-4331-8097-DA97B196ABDD}.Debug|Any CPU.ActiveCfg = Debug|Any CPU
		{63D0D776-E4AE-4331-8097-DA97B196ABDD}.Debug|Any CPU.Build.0 = Debug|Any CPU
		{63D0D776-E4AE-4331-8097-DA97B196ABDD}.Release|Any CPU.ActiveCfg = Release|Any CPU
		{63D0D776-E4AE-4331-8097-DA97B196ABDD}.Release|Any CPU.Build.0 = Release|Any CPU
		{11EF352E-B4FC-4872-98CC-2A4AF2FD0E5C}.Debug|Any CPU.ActiveCfg = Debug|Any CPU
		{11EF352E-B4FC-4872-98CC-2A4AF2FD0E5C}.Debug|Any CPU.Build.0 = Debug|Any CPU
		{11EF352E-B4FC-4872-98CC-2A4AF2FD0E5C}.Release|Any CPU.ActiveCfg = Release|Any CPU
		{11EF352E-B4FC-4872-98CC-2A4AF2FD0E5C}.Release|Any CPU.Build.0 = Release|Any CPU
	EndGlobalSection
	GlobalSection(SolutionProperties) = preSolution
		HideSolutionNode = FALSE
	EndGlobalSection
	GlobalSection(ExtensibilityGlobals) = postSolution
		SolutionGuid = {26BF5C29-2EBF-4233-B3FD-2FFB2DD6EC22}
	EndGlobalSection
EndGlobal
